// !$*UTF8*$!
{
	archiveVersion = 1;
	classes = {
	};
	objectVersion = 46;
	objects = {

/* Begin PBXBuildFile section */
		5A55F2931E6907BA008F3DED /* AppDelegate.swift in Sources */ = {isa = PBXBuildFile; fileRef = 5A55F2921E6907BA008F3DED /* AppDelegate.swift */; };
		5A55F2981E6907BA008F3DED /* Main.storyboard in Resources */ = {isa = PBXBuildFile; fileRef = 5A55F2961E6907BA008F3DED /* Main.storyboard */; };
		5A55F29A1E6907BA008F3DED /* Assets.xcassets in Resources */ = {isa = PBXBuildFile; fileRef = 5A55F2991E6907BA008F3DED /* Assets.xcassets */; };
		5A55F29D1E6907BA008F3DED /* LaunchScreen.storyboard in Resources */ = {isa = PBXBuildFile; fileRef = 5A55F29B1E6907BA008F3DED /* LaunchScreen.storyboard */; };
		5A55F2A71E6907D0008F3DED /* CloudKit.framework in Frameworks */ = {isa = PBXBuildFile; fileRef = 5A55F2A61E6907D0008F3DED /* CloudKit.framework */; };
		5A55F2A91E690998008F3DED /* AlernativeFactViewController.swift in Sources */ = {isa = PBXBuildFile; fileRef = 5A55F2A81E690998008F3DED /* AlernativeFactViewController.swift */; };
		5A55F2AB1E6909A6008F3DED /* AlernativeFact.swift in Sources */ = {isa = PBXBuildFile; fileRef = 5A55F2AA1E6909A6008F3DED /* AlernativeFact.swift */; };
		5A55F2AD1E690BA5008F3DED /* AlternativeFactController.swift in Sources */ = {isa = PBXBuildFile; fileRef = 5A55F2AC1E690BA5008F3DED /* AlternativeFactController.swift */; };
		5A55F2AF1E691058008F3DED /* AlternativeFactTableViewController.swift in Sources */ = {isa = PBXBuildFile; fileRef = 5A55F2AE1E691058008F3DED /* AlternativeFactTableViewController.swift */; };
/* End PBXBuildFile section */

/* Begin PBXFileReference section */
		5A55F28F1E6907BA008F3DED /* AltetnativeFacts.app */ = {isa = PBXFileReference; explicitFileType = wrapper.application; includeInIndex = 0; path = AltetnativeFacts.app; sourceTree = BUILT_PRODUCTS_DIR; };
		5A55F2921E6907BA008F3DED /* AppDelegate.swift */ = {isa = PBXFileReference; lastKnownFileType = sourcecode.swift; path = AppDelegate.swift; sourceTree = "<group>"; };
		5A55F2971E6907BA008F3DED /* Base */ = {isa = PBXFileReference; lastKnownFileType = file.storyboard; name = Base; path = Base.lproj/Main.storyboard; sourceTree = "<group>"; };
		5A55F2991E6907BA008F3DED /* Assets.xcassets */ = {isa = PBXFileReference; lastKnownFileType = folder.assetcatalog; path = Assets.xcassets; sourceTree = "<group>"; };
		5A55F29C1E6907BA008F3DED /* Base */ = {isa = PBXFileReference; lastKnownFileType = file.storyboard; name = Base; path = Base.lproj/LaunchScreen.storyboard; sourceTree = "<group>"; };
		5A55F29E1E6907BA008F3DED /* Info.plist */ = {isa = PBXFileReference; lastKnownFileType = text.plist.xml; path = Info.plist; sourceTree = "<group>"; };
		5A55F2A41E6907C7008F3DED /* AltetnativeFacts.entitlements */ = {isa = PBXFileReference; lastKnownFileType = text.plist.entitlements; path = AltetnativeFacts.entitlements; sourceTree = "<group>"; };
		5A55F2A61E6907D0008F3DED /* CloudKit.framework */ = {isa = PBXFileReference; lastKnownFileType = wrapper.framework; name = CloudKit.framework; path = System/Library/Frameworks/CloudKit.framework; sourceTree = SDKROOT; };
		5A55F2A81E690998008F3DED /* AlernativeFactViewController.swift */ = {isa = PBXFileReference; fileEncoding = 4; lastKnownFileType = sourcecode.swift; path = AlernativeFactViewController.swift; sourceTree = "<group>"; };
		5A55F2AA1E6909A6008F3DED /* AlernativeFact.swift */ = {isa = PBXFileReference; fileEncoding = 4; lastKnownFileType = sourcecode.swift; path = AlernativeFact.swift; sourceTree = "<group>"; };
		5A55F2AC1E690BA5008F3DED /* AlternativeFactController.swift */ = {isa = PBXFileReference; fileEncoding = 4; lastKnownFileType = sourcecode.swift; path = AlternativeFactController.swift; sourceTree = "<group>"; };
		5A55F2AE1E691058008F3DED /* AlternativeFactTableViewController.swift */ = {isa = PBXFileReference; fileEncoding = 4; lastKnownFileType = sourcecode.swift; path = AlternativeFactTableViewController.swift; sourceTree = "<group>"; };
/* End PBXFileReference section */

/* Begin PBXFrameworksBuildPhase section */
		5A55F28C1E6907BA008F3DED /* Frameworks */ = {
			isa = PBXFrameworksBuildPhase;
			buildActionMask = 2147483647;
			files = (
				5A55F2A71E6907D0008F3DED /* CloudKit.framework in Frameworks */,
			);
			runOnlyForDeploymentPostprocessing = 0;
		};
/* End PBXFrameworksBuildPhase section */

/* Begin PBXGroup section */
		5A55F2861E6907BA008F3DED = {
			isa = PBXGroup;
			children = (
				5A55F2911E6907BA008F3DED /* AltetnativeFacts */,
				5A55F2901E6907BA008F3DED /* Products */,
				5A55F2A51E6907D0008F3DED /* Frameworks */,
			);
			sourceTree = "<group>";
		};
		5A55F2901E6907BA008F3DED /* Products */ = {
			isa = PBXGroup;
			children = (
				5A55F28F1E6907BA008F3DED /* AltetnativeFacts.app */,
			);
			name = Products;
			sourceTree = "<group>";
		};
		5A55F2911E6907BA008F3DED /* AltetnativeFacts */ = {
			isa = PBXGroup;
			children = (
				5A55F2A41E6907C7008F3DED /* AltetnativeFacts.entitlements */,
				5A55F2921E6907BA008F3DED /* AppDelegate.swift */,
				5A55F2A81E690998008F3DED /* AlernativeFactViewController.swift */,
				5A55F2AA1E6909A6008F3DED /* AlernativeFact.swift */,
				5A55F2AE1E691058008F3DED /* AlternativeFactTableViewController.swift */,
				5A55F2AC1E690BA5008F3DED /* AlternativeFactController.swift */,
				5A55F2991E6907BA008F3DED /* Assets.xcassets */,
				5A55F2961E6907BA008F3DED /* Main.storyboard */,
				5A55F29B1E6907BA008F3DED /* LaunchScreen.storyboard */,
				5A55F29E1E6907BA008F3DED /* Info.plist */,
			);
			path = AltetnativeFacts;
			sourceTree = "<group>";
		};
		5A55F2A51E6907D0008F3DED /* Frameworks */ = {
			isa = PBXGroup;
			children = (
				5A55F2A61E6907D0008F3DED /* CloudKit.framework */,
			);
			name = Frameworks;
			sourceTree = "<group>";
		};
/* End PBXGroup section */

/* Begin PBXNativeTarget section */
		5A55F28E1E6907BA008F3DED /* AltetnativeFacts */ = {
			isa = PBXNativeTarget;
			buildConfigurationList = 5A55F2A11E6907BA008F3DED /* Build configuration list for PBXNativeTarget "AltetnativeFacts" */;
			buildPhases = (
				5A55F28B1E6907BA008F3DED /* Sources */,
				5A55F28C1E6907BA008F3DED /* Frameworks */,
				5A55F28D1E6907BA008F3DED /* Resources */,
			);
			buildRules = (
			);
			dependencies = (
			);
			name = AltetnativeFacts;
			productName = AltetnativeFacts;
			productReference = 5A55F28F1E6907BA008F3DED /* AltetnativeFacts.app */;
			productType = "com.apple.product-type.application";
		};
/* End PBXNativeTarget section */

/* Begin PBXProject section */
		5A55F2871E6907BA008F3DED /* Project object */ = {
			isa = PBXProject;
			attributes = {
				LastSwiftUpdateCheck = 0820;
				LastUpgradeCheck = 0820;
				ORGANIZATIONNAME = "Taylor Phillips";
				TargetAttributes = {
					5A55F28E1E6907BA008F3DED = {
						CreatedOnToolsVersion = 8.2.1;
						DevelopmentTeam = A2JDY5RY63;
						ProvisioningStyle = Automatic;
						SystemCapabilities = {
							com.apple.Push = {
								enabled = 1;
							};
							com.apple.iCloud = {
								enabled = 1;
							};
						};
					};
				};
			};
			buildConfigurationList = 5A55F28A1E6907BA008F3DED /* Build configuration list for PBXProject "AltetnativeFacts" */;
			compatibilityVersion = "Xcode 3.2";
			developmentRegion = English;
			hasScannedForEncodings = 0;
			knownRegions = (
				en,
				Base,
			);
			mainGroup = 5A55F2861E6907BA008F3DED;
			productRefGroup = 5A55F2901E6907BA008F3DED /* Products */;
			projectDirPath = "";
			projectRoot = "";
			targets = (
				5A55F28E1E6907BA008F3DED /* AltetnativeFacts */,
			);
		};
/* End PBXProject section */

/* Begin PBXResourcesBuildPhase section */
		5A55F28D1E6907BA008F3DED /* Resources */ = {
			isa = PBXResourcesBuildPhase;
			buildActionMask = 2147483647;
			files = (
				5A55F29D1E6907BA008F3DED /* LaunchScreen.storyboard in Resources */,
				5A55F29A1E6907BA008F3DED /* Assets.xcassets in Resources */,
				5A55F2981E6907BA008F3DED /* Main.storyboard in Resources */,
			);
			runOnlyForDeploymentPostprocessing = 0;
		};
/* End PBXResourcesBuildPhase section */

/* Begin PBXSourcesBuildPhase section */
		5A55F28B1E6907BA008F3DED /* Sources */ = {
			isa = PBXSourcesBuildPhase;
			buildActionMask = 2147483647;
			files = (
				5A55F2931E6907BA008F3DED /* AppDelegate.swift in Sources */,
				5A55F2A91E690998008F3DED /* AlernativeFactViewController.swift in Sources */,
				5A55F2AF1E691058008F3DED /* AlternativeFactTableViewController.swift in Sources */,
				5A55F2AB1E6909A6008F3DED /* AlernativeFact.swift in Sources */,
				5A55F2AD1E690BA5008F3DED /* AlternativeFactController.swift in Sources */,
			);
			runOnlyForDeploymentPostprocessing = 0;
		};
/* End PBXSourcesBuildPhase section */

/* Begin PBXVariantGroup section */
		5A55F2961E6907BA008F3DED /* Main.storyboard */ = {
			isa = PBXVariantGroup;
			children = (
				5A55F2971E6907BA008F3DED /* Base */,
			);
			name = Main.storyboard;
			sourceTree = "<group>";
		};
		5A55F29B1E6907BA008F3DED /* LaunchScreen.storyboard */ = {
			isa = PBXVariantGroup;
			children = (
				5A55F29C1E6907BA008F3DED /* Base */,
			);
			name = LaunchScreen.storyboard;
			sourceTree = "<group>";
		};
/* End PBXVariantGroup section */

/* Begin XCBuildConfiguration section */
		5A55F29F1E6907BA008F3DED /* Debug */ = {
			isa = XCBuildConfiguration;
			buildSettings = {
				ALWAYS_SEARCH_USER_PATHS = NO;
				CLANG_ANALYZER_NONNULL = YES;
				CLANG_CXX_LANGUAGE_STANDARD = "gnu++0x";
				CLANG_CXX_LIBRARY = "libc++";
				CLANG_ENABLE_MODULES = YES;
				CLANG_ENABLE_OBJC_ARC = YES;
				CLANG_WARN_BOOL_CONVERSION = YES;
				CLANG_WARN_CONSTANT_CONVERSION = YES;
				CLANG_WARN_DIRECT_OBJC_ISA_USAGE = YES_ERROR;
				CLANG_WARN_DOCUMENTATION_COMMENTS = YES;
				CLANG_WARN_EMPTY_BODY = YES;
				CLANG_WARN_ENUM_CONVERSION = YES;
				CLANG_WARN_INFINITE_RECURSION = YES;
				CLANG_WARN_INT_CONVERSION = YES;
				CLANG_WARN_OBJC_ROOT_CLASS = YES_ERROR;
				CLANG_WARN_SUSPICIOUS_MOVE = YES;
				CLANG_WARN_UNREACHABLE_CODE = YES;
				CLANG_WARN__DUPLICATE_METHOD_MATCH = YES;
				"CODE_SIGN_IDENTITY[sdk=iphoneos*]" = "iPhone Developer";
				COPY_PHASE_STRIP = NO;
				DEBUG_INFORMATION_FORMAT = dwarf;
				ENABLE_STRICT_OBJC_MSGSEND = YES;
				ENABLE_TESTABILITY = YES;
				GCC_C_LANGUAGE_STANDARD = gnu99;
				GCC_DYNAMIC_NO_PIC = NO;
				GCC_NO_COMMON_BLOCKS = YES;
				GCC_OPTIMIZATION_LEVEL = 0;
				GCC_PREPROCESSOR_DEFINITIONS = (
					"DEBUG=1",
					"$(inherited)",
				);
				GCC_WARN_64_TO_32_BIT_CONVERSION = YES;
				GCC_WARN_ABOUT_RETURN_TYPE = YES_ERROR;
				GCC_WARN_UNDECLARED_SELECTOR = YES;
				GCC_WARN_UNINITIALIZED_AUTOS = YES_AGGRESSIVE;
				GCC_WARN_UNUSED_FUNCTION = YES;
				GCC_WARN_UNUSED_VARIABLE = YES;
				IPHONEOS_DEPLOYMENT_TARGET = 10.2;
				MTL_ENABLE_DEBUG_INFO = YES;
				ONLY_ACTIVE_ARCH = YES;
				SDKROOT = iphoneos;
				SWIFT_ACTIVE_COMPILATION_CONDITIONS = DEBUG;
				SWIFT_OPTIMIZATION_LEVEL = "-Onone";
				TARGETED_DEVICE_FAMILY = "1,2";
			};
			name = Debug;
		};
		5A55F2A01E6907BA008F3DED /* Release */ = {
			isa = XCBuildConfiguration;
			buildSettings = {
				ALWAYS_SEARCH_USER_PATHS = NO;
				CLANG_ANALYZER_NONNULL = YES;
				CLANG_CXX_LANGUAGE_STANDARD = "gnu++0x";
				CLANG_CXX_LIBRARY = "libc++";
				CLANG_ENABLE_MODULES = YES;
				CLANG_ENABLE_OBJC_ARC = YES;
				CLANG_WARN_BOOL_CONVERSION = YES;
				CLANG_WARN_CONSTANT_CONVERSION = YES;
				CLANG_WARN_DIRECT_OBJC_ISA_USAGE = YES_ERROR;
				CLANG_WARN_DOCUMENTATION_COMMENTS = YES;
				CLANG_WARN_EMPTY_BODY = YES;
				CLANG_WARN_ENUM_CONVERSION = YES;
				CLANG_WARN_INFINITE_RECURSION = YES;
				CLANG_WARN_INT_CONVERSION = YES;
				CLANG_WARN_OBJC_ROOT_CLASS = YES_ERROR;
				CLANG_WARN_SUSPICIOUS_MOVE = YES;
				CLANG_WARN_UNREACHABLE_CODE = YES;
				CLANG_WARN__DUPLICATE_METHOD_MATCH = YES;
				"CODE_SIGN_IDENTITY[sdk=iphoneos*]" = "iPhone Developer";
				COPY_PHASE_STRIP = NO;
				DEBUG_INFORMATION_FORMAT = "dwarf-with-dsym";
				ENABLE_NS_ASSERTIONS = NO;
				ENABLE_STRICT_OBJC_MSGSEND = YES;
				GCC_C_LANGUAGE_STANDARD = gnu99;
				GCC_NO_COMMON_BLOCKS = YES;
				GCC_WARN_64_TO_32_BIT_CONVERSION = YES;
				GCC_WARN_ABOUT_RETURN_TYPE = YES_ERROR;
				GCC_WARN_UNDECLARED_SELECTOR = YES;
				GCC_WARN_UNINITIALIZED_AUTOS = YES_AGGRESSIVE;
				GCC_WARN_UNUSED_FUNCTION = YES;
				GCC_WARN_UNUSED_VARIABLE = YES;
				IPHONEOS_DEPLOYMENT_TARGET = 10.2;
				MTL_ENABLE_DEBUG_INFO = NO;
				SDKROOT = iphoneos;
				SWIFT_OPTIMIZATION_LEVEL = "-Owholemodule";
				TARGETED_DEVICE_FAMILY = "1,2";
				VALIDATE_PRODUCT = YES;
			};
			name = Release;
		};
		5A55F2A21E6907BA008F3DED /* Debug */ = {
			isa = XCBuildConfiguration;
			buildSettings = {
				ASSETCATALOG_COMPILER_APPICON_NAME = AppIcon;
				CODE_SIGN_ENTITLEMENTS = AltetnativeFacts/AltetnativeFacts.entitlements;
				DEVELOPMENT_TEAM = A2JDY5RY63;
				INFOPLIST_FILE = AltetnativeFacts/Info.plist;
				LD_RUNPATH_SEARCH_PATHS = "$(inherited) @executable_path/Frameworks";
				PRODUCT_BUNDLE_IDENTIFIER = com.TaylorPhillips.AltetnativeFacts;
				PRODUCT_NAME = "$(TARGET_NAME)";
				SWIFT_VERSION = 3.0;
			};
			name = Debug;
		};
		5A55F2A31E6907BA008F3DED /* Release */ = {
			isa = XCBuildConfiguration;
			buildSettings = {
				ASSETCATALOG_COMPILER_APPICON_NAME = AppIcon;
				CODE_SIGN_ENTITLEMENTS = AltetnativeFacts/AltetnativeFacts.entitlements;
				DEVELOPMENT_TEAM = A2JDY5RY63;
				INFOPLIST_FILE = AltetnativeFacts/Info.plist;
				LD_RUNPATH_SEARCH_PATHS = "$(inherited) @executable_path/Frameworks";
				PRODUCT_BUNDLE_IDENTIFIER = com.TaylorPhillips.AltetnativeFacts;
				PRODUCT_NAME = "$(TARGET_NAME)";
				SWIFT_VERSION = 3.0;
			};
			name = Release;
		};
/* End XCBuildConfiguration section */

/* Begin XCConfigurationList section */
		5A55F28A1E6907BA008F3DED /* Build configuration list for PBXProject "AltetnativeFacts" */ = {
			isa = XCConfigurationList;
			buildConfigurations = (
				5A55F29F1E6907BA008F3DED /* Debug */,
				5A55F2A01E6907BA008F3DED /* Release */,
			);
			defaultConfigurationIsVisible = 0;
			defaultConfigurationName = Release;
		};
		5A55F2A11E6907BA008F3DED /* Build configuration list for PBXNativeTarget "AltetnativeFacts" */ = {
			isa = XCConfigurationList;
			buildConfigurations = (
				5A55F2A21E6907BA008F3DED /* Debug */,
				5A55F2A31E6907BA008F3DED /* Release */,
			);
			defaultConfigurationIsVisible = 0;
		};
/* End XCConfigurationList section */
	};
	rootObject = 5A55F2871E6907BA008F3DED /* Project object */;
}
