// !$*UTF8*$!
{
	archiveVersion = 1;
	classes = {
	};
	objectVersion = 46;
	objects = {

/* Begin PBXBuildFile section */
		5AEACDA31E5CAEA8005B4A76 /* AppDelegate.swift in Sources */ = {isa = PBXBuildFile; fileRef = 5AEACDA21E5CAEA8005B4A76 /* AppDelegate.swift */; };
		5AEACDA81E5CAEA8005B4A76 /* Main.storyboard in Resources */ = {isa = PBXBuildFile; fileRef = 5AEACDA61E5CAEA8005B4A76 /* Main.storyboard */; };
		5AEACDAA1E5CAEA8005B4A76 /* Assets.xcassets in Resources */ = {isa = PBXBuildFile; fileRef = 5AEACDA91E5CAEA8005B4A76 /* Assets.xcassets */; };
		5AEACDAD1E5CAEA8005B4A76 /* LaunchScreen.storyboard in Resources */ = {isa = PBXBuildFile; fileRef = 5AEACDAB1E5CAEA8005B4A76 /* LaunchScreen.storyboard */; };
		5AEACDB61E5CB191005B4A76 /* PokemonViewController.swift in Sources */ = {isa = PBXBuildFile; fileRef = 5AEACDB51E5CB191005B4A76 /* PokemonViewController.swift */; };
		5AEACDBD1E5CB300005B4A76 /* Pokemon.swift in Sources */ = {isa = PBXBuildFile; fileRef = 5AEACDBC1E5CB300005B4A76 /* Pokemon.swift */; };
		5AEACDBF1E5CB359005B4A76 /* NetworkController.swift in Sources */ = {isa = PBXBuildFile; fileRef = 5AEACDBE1E5CB359005B4A76 /* NetworkController.swift */; };
		5AEACDC11E5CB369005B4A76 /* ImageController.swift in Sources */ = {isa = PBXBuildFile; fileRef = 5AEACDC01E5CB369005B4A76 /* ImageController.swift */; };
		5AEACDC31E5CB3A5005B4A76 /* PokemonController.swift in Sources */ = {isa = PBXBuildFile; fileRef = 5AEACDC21E5CB3A5005B4A76 /* PokemonController.swift */; };
		5AEACDC51E5CD8DA005B4A76 /* pokedex_template_by_firedragonrem-d9eddon.png in Resources */ = {isa = PBXBuildFile; fileRef = 5AEACDC41E5CD8DA005B4A76 /* pokedex_template_by_firedragonrem-d9eddon.png */; };
		5AEACDF31E5D350E005B4A76 /* pause-button-png-6.png in Resources */ = {isa = PBXBuildFile; fileRef = 5AEACDF21E5D350E005B4A76 /* pause-button-png-6.png */; };
		5AEACDF51E5D3599005B4A76 /* play-icon-solid.png in Resources */ = {isa = PBXBuildFile; fileRef = 5AEACDF41E5D3599005B4A76 /* play-icon-solid.png */; };
		5AEACDFA1E5D3ED8005B4A76 /* Pokemon_logo.png in Resources */ = {isa = PBXBuildFile; fileRef = 5AEACDF91E5D3ED8005B4A76 /* Pokemon_logo.png */; };
		5AEACDFE1E5D4060005B4A76 /* wall-stickers-pokeball---pokemon-go-.png in Resources */ = {isa = PBXBuildFile; fileRef = 5AEACDFD1E5D4060005B4A76 /* wall-stickers-pokeball---pokemon-go-.png */; };
		5AEACE001E5D617E005B4A76 /* pokeballopeningsoundFX.mp3 in Resources */ = {isa = PBXBuildFile; fileRef = 5AEACDFF1E5D617E005B4A76 /* pokeballopeningsoundFX.mp3 */; };
		5AEACE021E5D646E005B4A76 /* Pokemon Music.mp3 in Resources */ = {isa = PBXBuildFile; fileRef = 5AEACE011E5D646E005B4A76 /* Pokemon Music.mp3 */; };
/* End PBXBuildFile section */

/* Begin PBXFileReference section */
		5AEACD9F1E5CAEA8005B4A76 /* pokedex.app */ = {isa = PBXFileReference; explicitFileType = wrapper.application; includeInIndex = 0; path = pokedex.app; sourceTree = BUILT_PRODUCTS_DIR; };
		5AEACDA21E5CAEA8005B4A76 /* AppDelegate.swift */ = {isa = PBXFileReference; lastKnownFileType = sourcecode.swift; path = AppDelegate.swift; sourceTree = "<group>"; };
		5AEACDA71E5CAEA8005B4A76 /* Base */ = {isa = PBXFileReference; lastKnownFileType = file.storyboard; name = Base; path = Base.lproj/Main.storyboard; sourceTree = "<group>"; };
		5AEACDA91E5CAEA8005B4A76 /* Assets.xcassets */ = {isa = PBXFileReference; lastKnownFileType = folder.assetcatalog; path = Assets.xcassets; sourceTree = "<group>"; };
		5AEACDAC1E5CAEA8005B4A76 /* Base */ = {isa = PBXFileReference; lastKnownFileType = file.storyboard; name = Base; path = Base.lproj/LaunchScreen.storyboard; sourceTree = "<group>"; };
		5AEACDAE1E5CAEA8005B4A76 /* Info.plist */ = {isa = PBXFileReference; lastKnownFileType = text.plist.xml; path = Info.plist; sourceTree = "<group>"; };
		5AEACDB51E5CB191005B4A76 /* PokemonViewController.swift */ = {isa = PBXFileReference; fileEncoding = 4; lastKnownFileType = sourcecode.swift; path = PokemonViewController.swift; sourceTree = "<group>"; };
		5AEACDBC1E5CB300005B4A76 /* Pokemon.swift */ = {isa = PBXFileReference; fileEncoding = 4; lastKnownFileType = sourcecode.swift; path = Pokemon.swift; sourceTree = "<group>"; };
		5AEACDBE1E5CB359005B4A76 /* NetworkController.swift */ = {isa = PBXFileReference; fileEncoding = 4; lastKnownFileType = sourcecode.swift; path = NetworkController.swift; sourceTree = "<group>"; };
		5AEACDC01E5CB369005B4A76 /* ImageController.swift */ = {isa = PBXFileReference; fileEncoding = 4; lastKnownFileType = sourcecode.swift; path = ImageController.swift; sourceTree = "<group>"; };
		5AEACDC21E5CB3A5005B4A76 /* PokemonController.swift */ = {isa = PBXFileReference; fileEncoding = 4; lastKnownFileType = sourcecode.swift; path = PokemonController.swift; sourceTree = "<group>"; };
		5AEACDC41E5CD8DA005B4A76 /* pokedex_template_by_firedragonrem-d9eddon.png */ = {isa = PBXFileReference; lastKnownFileType = image.png; name = "pokedex_template_by_firedragonrem-d9eddon.png"; path = "../../../../../Downloads/pokedex_template_by_firedragonrem-d9eddon.png"; sourceTree = "<group>"; };
		5AEACDF21E5D350E005B4A76 /* pause-button-png-6.png */ = {isa = PBXFileReference; lastKnownFileType = image.png; name = "pause-button-png-6.png"; path = "../../../../../Desktop/DevMountainClass/pause-button-png-6.png"; sourceTree = "<group>"; };
		5AEACDF41E5D3599005B4A76 /* play-icon-solid.png */ = {isa = PBXFileReference; lastKnownFileType = image.png; name = "play-icon-solid.png"; path = "../../../../../Desktop/DevMountainClass/play-icon-solid.png"; sourceTree = "<group>"; };
		5AEACDF91E5D3ED8005B4A76 /* Pokemon_logo.png */ = {isa = PBXFileReference; lastKnownFileType = image.png; path = Pokemon_logo.png; sourceTree = "<group>"; };
		5AEACDFD1E5D4060005B4A76 /* wall-stickers-pokeball---pokemon-go-.png */ = {isa = PBXFileReference; lastKnownFileType = image.png; path = "wall-stickers-pokeball---pokemon-go-.png"; sourceTree = "<group>"; };
		5AEACDFF1E5D617E005B4A76 /* pokeballopeningsoundFX.mp3 */ = {isa = PBXFileReference; lastKnownFileType = audio.mp3; path = pokeballopeningsoundFX.mp3; sourceTree = "<group>"; };
		5AEACE011E5D646E005B4A76 /* Pokemon Music.mp3 */ = {isa = PBXFileReference; lastKnownFileType = audio.mp3; path = "Pokemon Music.mp3"; sourceTree = "<group>"; };
/* End PBXFileReference section */

/* Begin PBXFrameworksBuildPhase section */
		5AEACD9C1E5CAEA8005B4A76 /* Frameworks */ = {
			isa = PBXFrameworksBuildPhase;
			buildActionMask = 2147483647;
			files = (
			);
			runOnlyForDeploymentPostprocessing = 0;
		};
/* End PBXFrameworksBuildPhase section */

/* Begin PBXGroup section */
		5AEACD961E5CAEA8005B4A76 = {
			isa = PBXGroup;
			children = (
				5AEACDA11E5CAEA8005B4A76 /* pokedex */,
				5AEACDA01E5CAEA8005B4A76 /* Products */,
			);
			sourceTree = "<group>";
		};
		5AEACDA01E5CAEA8005B4A76 /* Products */ = {
			isa = PBXGroup;
			children = (
				5AEACD9F1E5CAEA8005B4A76 /* pokedex.app */,
			);
			name = Products;
			sourceTree = "<group>";
		};
		5AEACDA11E5CAEA8005B4A76 /* pokedex */ = {
			isa = PBXGroup;
			children = (
				5AEACDBA1E5CB272005B4A76 /* Controllers */,
				5AEACDB81E5CB25A005B4A76 /* Model */,
				5AEACDB91E5CB263005B4A76 /* ModelController */,
				5AEACDB71E5CB248005B4A76 /* ViewController */,
				5AEACDB41E5CB152005B4A76 /* View */,
				5AEACDBB1E5CB288005B4A76 /* Resources */,
			);
			path = pokedex;
			sourceTree = "<group>";
		};
		5AEACDB41E5CB152005B4A76 /* View */ = {
			isa = PBXGroup;
			children = (
				5AEACDA61E5CAEA8005B4A76 /* Main.storyboard */,
				5AEACDAB1E5CAEA8005B4A76 /* LaunchScreen.storyboard */,
			);
			name = View;
			sourceTree = "<group>";
		};
		5AEACDB71E5CB248005B4A76 /* ViewController */ = {
			isa = PBXGroup;
			children = (
				5AEACDB51E5CB191005B4A76 /* PokemonViewController.swift */,
			);
			name = ViewController;
			sourceTree = "<group>";
		};
		5AEACDB81E5CB25A005B4A76 /* Model */ = {
			isa = PBXGroup;
			children = (
				5AEACDA21E5CAEA8005B4A76 /* AppDelegate.swift */,
				5AEACDBC1E5CB300005B4A76 /* Pokemon.swift */,
			);
			name = Model;
			sourceTree = "<group>";
		};
		5AEACDB91E5CB263005B4A76 /* ModelController */ = {
			isa = PBXGroup;
			children = (
				5AEACDC21E5CB3A5005B4A76 /* PokemonController.swift */,
			);
			name = ModelController;
			sourceTree = "<group>";
		};
		5AEACDBA1E5CB272005B4A76 /* Controllers */ = {
			isa = PBXGroup;
			children = (
				5AEACDBE1E5CB359005B4A76 /* NetworkController.swift */,
				5AEACDC01E5CB369005B4A76 /* ImageController.swift */,
			);
			name = Controllers;
			sourceTree = "<group>";
		};
		5AEACDBB1E5CB288005B4A76 /* Resources */ = {
			isa = PBXGroup;
			children = (
				5AEACDF61E5D3825005B4A76 /* music */,
				5AEACDAE1E5CAEA8005B4A76 /* Info.plist */,
				5AEACDA91E5CAEA8005B4A76 /* Assets.xcassets */,
				5AEACDC41E5CD8DA005B4A76 /* pokedex_template_by_firedragonrem-d9eddon.png */,
				5AEACDFD1E5D4060005B4A76 /* wall-stickers-pokeball---pokemon-go-.png */,
				5AEACDF91E5D3ED8005B4A76 /* Pokemon_logo.png */,
				5AEACDF41E5D3599005B4A76 /* play-icon-solid.png */,
				5AEACDF21E5D350E005B4A76 /* pause-button-png-6.png */,
			);
			name = Resources;
			sourceTree = "<group>";
		};
		5AEACDF61E5D3825005B4A76 /* music */ = {
			isa = PBXGroup;
			children = (
				5AEACE011E5D646E005B4A76 /* Pokemon Music.mp3 */,
				5AEACDFF1E5D617E005B4A76 /* pokeballopeningsoundFX.mp3 */,
			);
			name = music;
			sourceTree = "<group>";
		};
/* End PBXGroup section */

/* Begin PBXNativeTarget section */
		5AEACD9E1E5CAEA8005B4A76 /* pokedex */ = {
			isa = PBXNativeTarget;
			buildConfigurationList = 5AEACDB11E5CAEA8005B4A76 /* Build configuration list for PBXNativeTarget "pokedex" */;
			buildPhases = (
				5AEACD9B1E5CAEA8005B4A76 /* Sources */,
				5AEACD9C1E5CAEA8005B4A76 /* Frameworks */,
				5AEACD9D1E5CAEA8005B4A76 /* Resources */,
			);
			buildRules = (
			);
			dependencies = (
			);
			name = pokedex;
			productName = pokedex;
			productReference = 5AEACD9F1E5CAEA8005B4A76 /* pokedex.app */;
			productType = "com.apple.product-type.application";
		};
/* End PBXNativeTarget section */

/* Begin PBXProject section */
		5AEACD971E5CAEA8005B4A76 /* Project object */ = {
			isa = PBXProject;
			attributes = {
				LastSwiftUpdateCheck = 0820;
				LastUpgradeCheck = 0820;
				ORGANIZATIONNAME = "Taylor Phillips";
				TargetAttributes = {
					5AEACD9E1E5CAEA8005B4A76 = {
						CreatedOnToolsVersion = 8.2.1;
						ProvisioningStyle = Automatic;
					};
				};
			};
			buildConfigurationList = 5AEACD9A1E5CAEA8005B4A76 /* Build configuration list for PBXProject "pokedex" */;
			compatibilityVersion = "Xcode 3.2";
			developmentRegion = English;
			hasScannedForEncodings = 0;
			knownRegions = (
				en,
				Base,
			);
			mainGroup = 5AEACD961E5CAEA8005B4A76;
			productRefGroup = 5AEACDA01E5CAEA8005B4A76 /* Products */;
			projectDirPath = "";
			projectRoot = "";
			targets = (
				5AEACD9E1E5CAEA8005B4A76 /* pokedex */,
			);
		};
/* End PBXProject section */

/* Begin PBXResourcesBuildPhase section */
		5AEACD9D1E5CAEA8005B4A76 /* Resources */ = {
			isa = PBXResourcesBuildPhase;
			buildActionMask = 2147483647;
			files = (
				5AEACDAD1E5CAEA8005B4A76 /* LaunchScreen.storyboard in Resources */,
				5AEACDF31E5D350E005B4A76 /* pause-button-png-6.png in Resources */,
				5AEACDF51E5D3599005B4A76 /* play-icon-solid.png in Resources */,
				5AEACDFA1E5D3ED8005B4A76 /* Pokemon_logo.png in Resources */,
				5AEACDC51E5CD8DA005B4A76 /* pokedex_template_by_firedragonrem-d9eddon.png in Resources */,
				5AEACE001E5D617E005B4A76 /* pokeballopeningsoundFX.mp3 in Resources */,
				5AEACDAA1E5CAEA8005B4A76 /* Assets.xcassets in Resources */,
				5AEACE021E5D646E005B4A76 /* Pokemon Music.mp3 in Resources */,
				5AEACDA81E5CAEA8005B4A76 /* Main.storyboard in Resources */,
				5AEACDFE1E5D4060005B4A76 /* wall-stickers-pokeball---pokemon-go-.png in Resources */,
			);
			runOnlyForDeploymentPostprocessing = 0;
		};
/* End PBXResourcesBuildPhase section */

/* Begin PBXSourcesBuildPhase section */
		5AEACD9B1E5CAEA8005B4A76 /* Sources */ = {
			isa = PBXSourcesBuildPhase;
			buildActionMask = 2147483647;
			files = (
				5AEACDC11E5CB369005B4A76 /* ImageController.swift in Sources */,
				5AEACDBF1E5CB359005B4A76 /* NetworkController.swift in Sources */,
				5AEACDB61E5CB191005B4A76 /* PokemonViewController.swift in Sources */,
				5AEACDA31E5CAEA8005B4A76 /* AppDelegate.swift in Sources */,
				5AEACDBD1E5CB300005B4A76 /* Pokemon.swift in Sources */,
				5AEACDC31E5CB3A5005B4A76 /* PokemonController.swift in Sources */,
			);
			runOnlyForDeploymentPostprocessing = 0;
		};
/* End PBXSourcesBuildPhase section */

/* Begin PBXVariantGroup section */
		5AEACDA61E5CAEA8005B4A76 /* Main.storyboard */ = {
			isa = PBXVariantGroup;
			children = (
				5AEACDA71E5CAEA8005B4A76 /* Base */,
			);
			name = Main.storyboard;
			sourceTree = "<group>";
		};
		5AEACDAB1E5CAEA8005B4A76 /* LaunchScreen.storyboard */ = {
			isa = PBXVariantGroup;
			children = (
				5AEACDAC1E5CAEA8005B4A76 /* Base */,
			);
			name = LaunchScreen.storyboard;
			sourceTree = "<group>";
		};
/* End PBXVariantGroup section */

/* Begin XCBuildConfiguration section */
		5AEACDAF1E5CAEA8005B4A76 /* Debug */ = {
			isa = XCBuildConfiguration;
			buildSettings = {
				ALWAYS_SEARCH_USER_PATHS = NO;
				CLANG_ANALYZER_NONNULL = YES;
				CLANG_CXX_LANGUAGE_STANDARD = "gnu++0x";
				CLANG_CXX_LIBRARY = "libc++";
				CLANG_ENABLE_MODULES = YES;
				CLANG_ENABLE_OBJC_ARC = YES;
				CLANG_WARN_BOOL_CONVERSION = YES;
				CLANG_WARN_CONSTANT_CONVERSION = YES;
				CLANG_WARN_DIRECT_OBJC_ISA_USAGE = YES_ERROR;
				CLANG_WARN_DOCUMENTATION_COMMENTS = YES;
				CLANG_WARN_EMPTY_BODY = YES;
				CLANG_WARN_ENUM_CONVERSION = YES;
				CLANG_WARN_INFINITE_RECURSION = YES;
				CLANG_WARN_INT_CONVERSION = YES;
				CLANG_WARN_OBJC_ROOT_CLASS = YES_ERROR;
				CLANG_WARN_SUSPICIOUS_MOVE = YES;
				CLANG_WARN_UNREACHABLE_CODE = YES;
				CLANG_WARN__DUPLICATE_METHOD_MATCH = YES;
				"CODE_SIGN_IDENTITY[sdk=iphoneos*]" = "iPhone Developer";
				COPY_PHASE_STRIP = NO;
				DEBUG_INFORMATION_FORMAT = dwarf;
				ENABLE_STRICT_OBJC_MSGSEND = YES;
				ENABLE_TESTABILITY = YES;
				GCC_C_LANGUAGE_STANDARD = gnu99;
				GCC_DYNAMIC_NO_PIC = NO;
				GCC_NO_COMMON_BLOCKS = YES;
				GCC_OPTIMIZATION_LEVEL = 0;
				GCC_PREPROCESSOR_DEFINITIONS = (
					"DEBUG=1",
					"$(inherited)",
				);
				GCC_WARN_64_TO_32_BIT_CONVERSION = YES;
				GCC_WARN_ABOUT_RETURN_TYPE = YES_ERROR;
				GCC_WARN_UNDECLARED_SELECTOR = YES;
				GCC_WARN_UNINITIALIZED_AUTOS = YES_AGGRESSIVE;
				GCC_WARN_UNUSED_FUNCTION = YES;
				GCC_WARN_UNUSED_VARIABLE = YES;
				IPHONEOS_DEPLOYMENT_TARGET = 10.2;
				MTL_ENABLE_DEBUG_INFO = YES;
				ONLY_ACTIVE_ARCH = YES;
				SDKROOT = iphoneos;
				SWIFT_ACTIVE_COMPILATION_CONDITIONS = DEBUG;
				SWIFT_OPTIMIZATION_LEVEL = "-Onone";
				TARGETED_DEVICE_FAMILY = "1,2";
			};
			name = Debug;
		};
		5AEACDB01E5CAEA8005B4A76 /* Release */ = {
			isa = XCBuildConfiguration;
			buildSettings = {
				ALWAYS_SEARCH_USER_PATHS = NO;
				CLANG_ANALYZER_NONNULL = YES;
				CLANG_CXX_LANGUAGE_STANDARD = "gnu++0x";
				CLANG_CXX_LIBRARY = "libc++";
				CLANG_ENABLE_MODULES = YES;
				CLANG_ENABLE_OBJC_ARC = YES;
				CLANG_WARN_BOOL_CONVERSION = YES;
				CLANG_WARN_CONSTANT_CONVERSION = YES;
				CLANG_WARN_DIRECT_OBJC_ISA_USAGE = YES_ERROR;
				CLANG_WARN_DOCUMENTATION_COMMENTS = YES;
				CLANG_WARN_EMPTY_BODY = YES;
				CLANG_WARN_ENUM_CONVERSION = YES;
				CLANG_WARN_INFINITE_RECURSION = YES;
				CLANG_WARN_INT_CONVERSION = YES;
				CLANG_WARN_OBJC_ROOT_CLASS = YES_ERROR;
				CLANG_WARN_SUSPICIOUS_MOVE = YES;
				CLANG_WARN_UNREACHABLE_CODE = YES;
				CLANG_WARN__DUPLICATE_METHOD_MATCH = YES;
				"CODE_SIGN_IDENTITY[sdk=iphoneos*]" = "iPhone Developer";
				COPY_PHASE_STRIP = NO;
				DEBUG_INFORMATION_FORMAT = "dwarf-with-dsym";
				ENABLE_NS_ASSERTIONS = NO;
				ENABLE_STRICT_OBJC_MSGSEND = YES;
				GCC_C_LANGUAGE_STANDARD = gnu99;
				GCC_NO_COMMON_BLOCKS = YES;
				GCC_WARN_64_TO_32_BIT_CONVERSION = YES;
				GCC_WARN_ABOUT_RETURN_TYPE = YES_ERROR;
				GCC_WARN_UNDECLARED_SELECTOR = YES;
				GCC_WARN_UNINITIALIZED_AUTOS = YES_AGGRESSIVE;
				GCC_WARN_UNUSED_FUNCTION = YES;
				GCC_WARN_UNUSED_VARIABLE = YES;
				IPHONEOS_DEPLOYMENT_TARGET = 10.2;
				MTL_ENABLE_DEBUG_INFO = NO;
				SDKROOT = iphoneos;
				SWIFT_OPTIMIZATION_LEVEL = "-Owholemodule";
				TARGETED_DEVICE_FAMILY = "1,2";
				VALIDATE_PRODUCT = YES;
			};
			name = Release;
		};
		5AEACDB21E5CAEA8005B4A76 /* Debug */ = {
			isa = XCBuildConfiguration;
			buildSettings = {
				ASSETCATALOG_COMPILER_APPICON_NAME = AppIcon;
				INFOPLIST_FILE = pokedex/Info.plist;
				LD_RUNPATH_SEARCH_PATHS = "$(inherited) @executable_path/Frameworks";
				PRODUCT_BUNDLE_IDENTIFIER = com.theyawninglion.pokedex;
				PRODUCT_NAME = "$(TARGET_NAME)";
				SWIFT_VERSION = 3.0;
			};
			name = Debug;
		};
		5AEACDB31E5CAEA8005B4A76 /* Release */ = {
			isa = XCBuildConfiguration;
			buildSettings = {
				ASSETCATALOG_COMPILER_APPICON_NAME = AppIcon;
				INFOPLIST_FILE = pokedex/Info.plist;
				LD_RUNPATH_SEARCH_PATHS = "$(inherited) @executable_path/Frameworks";
				PRODUCT_BUNDLE_IDENTIFIER = com.theyawninglion.pokedex;
				PRODUCT_NAME = "$(TARGET_NAME)";
				SWIFT_VERSION = 3.0;
			};
			name = Release;
		};
/* End XCBuildConfiguration section */

/* Begin XCConfigurationList section */
		5AEACD9A1E5CAEA8005B4A76 /* Build configuration list for PBXProject "pokedex" */ = {
			isa = XCConfigurationList;
			buildConfigurations = (
				5AEACDAF1E5CAEA8005B4A76 /* Debug */,
				5AEACDB01E5CAEA8005B4A76 /* Release */,
			);
			defaultConfigurationIsVisible = 0;
			defaultConfigurationName = Release;
		};
		5AEACDB11E5CAEA8005B4A76 /* Build configuration list for PBXNativeTarget "pokedex" */ = {
			isa = XCConfigurationList;
			buildConfigurations = (
				5AEACDB21E5CAEA8005B4A76 /* Debug */,
				5AEACDB31E5CAEA8005B4A76 /* Release */,
			);
			defaultConfigurationIsVisible = 0;
			defaultConfigurationName = Release;
		};
/* End XCConfigurationList section */
	};
	rootObject = 5AEACD971E5CAEA8005B4A76 /* Project object */;
}
